# This file is autogenerated, do not edit; changes may be undone by the next 'dep ensure'.


[[projects]]
  digest = "1:62b53c9f9e180c3f00e1504a8b312f549556606497787224db55ddda28f87508"
  name = "github.com/go-fed/activity"
  packages = ["vocab"]
  pruneopts = "UT"
  revision = "ff0fcb60f31d74aacd57244ffe03223a3f7dd109"
  version = "v0.4.0"

[solve-meta]
  analyzer-name = "dep"
  analyzer-version = 1
  input-imports = ["github.com/go-fed/activity/vocab"]
  solver-name = "gps-cdcl"
  solver-version = 1
